
Microsoft Visual Studio Solution File, Format Version 12.00
Project("{FAE04EC0-301F-11D3-BF4B-00C04F79EFBC}") = "Eshopping", "Eshopping\Eshopping.csproj", "{1F25A201-8461-4CEA-8CE4-9EE1CDF61505}"
EndProject
Global
	GlobalSection(SolutionConfigurationPlatforms) = preSolution
		Debug|Any CPU = Debug|Any CPU
		Release|Any CPU = Release|Any CPU
	EndGlobalSection
	GlobalSection(ProjectConfigurationPlatforms) = postSolution
		{1F25A201-8461-4CEA-8CE4-9EE1CDF61505}.Debug|Any CPU.ActiveCfg = Debug|Any CPU
		{1F25A201-8461-4CEA-8CE4-9EE1CDF61505}.Debug|Any CPU.Build.0 = Debug|Any CPU
		{1F25A201-8461-4CEA-8CE4-9EE1CDF61505}.Release|Any CPU.ActiveCfg = Release|Any CPU
		{1F25A201-8461-4CEA-8CE4-9EE1CDF61505}.Release|Any CPU.Build.0 = Release|Any CPU
	EndGlobalSection
EndGlobal
